
Microsoft Visual Studio Solution File, Format Version 12.00
# Visual Studio 15
VisualStudioVersion = 15.0.28307.852
MinimumVisualStudioVersion = 10.0.40219.1
Project("{FAE04EC0-301F-11D3-BF4B-00C04F79EFBC}") = "Telestrator", "Telestrator.csproj", "{6A568E82-C52C-4D98-8548-04A926D4E3DD}"
EndProject
Global
	GlobalSection(SolutionConfigurationPlatforms) = preSolution
		Debug|Any CPU = Debug|Any CPU
		Release|Any CPU = Release|Any CPU
	EndGlobalSection
	GlobalSection(ProjectConfigurationPlatforms) = postSolution
		{6A568E82-C52C-4D98-8548-04A926D4E3DD}.Debug|Any CPU.ActiveCfg = Debug|Any CPU
		{6A568E82-C52C-4D98-8548-04A926D4E3DD}.Debug|Any CPU.Build.0 = Debug|Any CPU
		{6A568E82-C52C-4D98-8548-04A926D4E3DD}.Release|Any CPU.ActiveCfg = Release|Any CPU
		{6A568E82-C52C-4D98-8548-04A926D4E3DD}.Release|Any CPU.Build.0 = Release|Any CPU
	EndGlobalSection
	GlobalSection(SolutionProperties) = preSolution
		HideSolutionNode = FALSE
	EndGlobalSection
	GlobalSection(ExtensibilityGlobals) = postSolution
		SolutionGuid = {9477BE8D-77D6-4A2E-96D5-5A0010DA6BF0}
	EndGlobalSection
EndGlobal
