
Microsoft Visual Studio Solution File, Format Version 12.00
# Visual Studio 15
VisualStudioVersion = 15.0.27703.2000
MinimumVisualStudioVersion = 10.0.40219.1
Project("{262852C6-CD72-467D-83FE-5EEB1973A190}") = "Telestrator UWP v3", "Telestrator UWP\Telestrator UWP v3.jsproj", "{C56466AE-E20F-4CC0-9D76-95D72DD55785}"
EndProject
Global
	GlobalSection(SolutionConfigurationPlatforms) = preSolution
		Debug|Any CPU = Debug|Any CPU
		Debug|ARM = Debug|ARM
		Debug|x64 = Debug|x64
		Debug|x86 = Debug|x86
		Release|Any CPU = Release|Any CPU
		Release|ARM = Release|ARM
		Release|x64 = Release|x64
		Release|x86 = Release|x86
	EndGlobalSection
	GlobalSection(ProjectConfigurationPlatforms) = postSolution
		{C56466AE-E20F-4CC0-9D76-95D72DD55785}.Debug|Any CPU.ActiveCfg = Debug|Any CPU
		{C56466AE-E20F-4CC0-9D76-95D72DD55785}.Debug|Any CPU.Build.0 = Debug|Any CPU
		{C56466AE-E20F-4CC0-9D76-95D72DD55785}.Debug|Any CPU.Deploy.0 = Debug|Any CPU
		{C56466AE-E20F-4CC0-9D76-95D72DD55785}.Debug|ARM.ActiveCfg = Debug|ARM
		{C56466AE-E20F-4CC0-9D76-95D72DD55785}.Debug|ARM.Build.0 = Debug|ARM
		{C56466AE-E20F-4CC0-9D76-95D72DD55785}.Debug|ARM.Deploy.0 = Debug|ARM
		{C56466AE-E20F-4CC0-9D76-95D72DD55785}.Debug|x64.ActiveCfg = Debug|x64
		{C56466AE-E20F-4CC0-9D76-95D72DD55785}.Debug|x64.Build.0 = Debug|x64
		{C56466AE-E20F-4CC0-9D76-95D72DD55785}.Debug|x64.Deploy.0 = Debug|x64
		{C56466AE-E20F-4CC0-9D76-95D72DD55785}.Debug|x86.ActiveCfg = Debug|x86
		{C56466AE-E20F-4CC0-9D76-95D72DD55785}.Debug|x86.Build.0 = Debug|x86
		{C56466AE-E20F-4CC0-9D76-95D72DD55785}.Debug|x86.Deploy.0 = Debug|x86
		{C56466AE-E20F-4CC0-9D76-95D72DD55785}.Release|Any CPU.ActiveCfg = Release|Any CPU
		{C56466AE-E20F-4CC0-9D76-95D72DD55785}.Release|Any CPU.Build.0 = Release|Any CPU
		{C56466AE-E20F-4CC0-9D76-95D72DD55785}.Release|Any CPU.Deploy.0 = Release|Any CPU
		{C56466AE-E20F-4CC0-9D76-95D72DD55785}.Release|ARM.ActiveCfg = Release|ARM
		{C56466AE-E20F-4CC0-9D76-95D72DD55785}.Release|ARM.Build.0 = Release|ARM
		{C56466AE-E20F-4CC0-9D76-95D72DD55785}.Release|ARM.Deploy.0 = Release|ARM
		{C56466AE-E20F-4CC0-9D76-95D72DD55785}.Release|x64.ActiveCfg = Release|x64
		{C56466AE-E20F-4CC0-9D76-95D72DD55785}.Release|x64.Build.0 = Release|x64
		{C56466AE-E20F-4CC0-9D76-95D72DD55785}.Release|x64.Deploy.0 = Release|x64
		{C56466AE-E20F-4CC0-9D76-95D72DD55785}.Release|x86.ActiveCfg = Release|x86
		{C56466AE-E20F-4CC0-9D76-95D72DD55785}.Release|x86.Build.0 = Release|x86
		{C56466AE-E20F-4CC0-9D76-95D72DD55785}.Release|x86.Deploy.0 = Release|x86
	EndGlobalSection
	GlobalSection(SolutionProperties) = preSolution
		HideSolutionNode = FALSE
	EndGlobalSection
	GlobalSection(ExtensibilityGlobals) = postSolution
		SolutionGuid = {4094F083-4443-4B0E-817C-BA2A891436E6}
	EndGlobalSection
EndGlobal
